<?xml version="1.0" encoding="utf-8"?>
<Project ToolsVersion="4.0" xmlns="http://schemas.microsoft.com/developer/msbuild/2003">
  <ItemGroup>
    <Filter Include="include">
      <UniqueIdentifier>{a2e389cf-7ad6-481c-929d-d880ac083801}</UniqueIdentifier>
      <Extensions>h;hh;hpp;hxx;h++;hm;inl;inc;ipp;xsd</Extensions>
    </Filter>
    <Filter Include="include\Algorithms">
      <UniqueIdentifier>{8612763f-2d90-4dab-9119-a4ed23681512}</UniqueIdentifier>
    </Filter>
    <Filter Include="include\Routing">
      <UniqueIdentifier>{0a0648f2-1d60-4d30-bc57-356fb143bf08}</UniqueIdentifier>
    </Filter>
    <Filter Include="src">
      <UniqueIdentifier>{2c0900b4-25f5-4c97-a582-2a42076b887a}</UniqueIdentifier>
      <Extensions>cpp;c;cc;cxx;c++;cppm;ixx;def;odl;idl;hpj;bat;asm;asmx</Extensions>
    </Filter>
    <Filter Include="src\Algorithms">
      <UniqueIdentifier>{a023adcb-f04e-4ff1-8b6f-908ad25b0659}</UniqueIdentifier>
    </Filter>
    <Filter Include="src\Routing">
      <UniqueIdentifier>{0bcc8f30-cb17-4b68-a596-308d9b91755a}</UniqueIdentifier>
    </Filter>
    <Filter Include="tests">
      <UniqueIdentifier>{3a723f5f-0e9c-4d9b-8c44-0d93bd02ae39}</UniqueIdentifier>
    </Filter>
  </ItemGroup>
  <ItemGroup>
    <ClInclude Include="..\..\MVVCVTK\features\OrthogonalCrop\include\Algorithms\OrthogonalCropAlgorithm.h">
      <Filter>include\Algorithms</Filter>
    </ClInclude>
    <ClInclude Include="..\..\MVVCVTK\features\OrthogonalCrop\include\Algorithms\PlanarCropAlgorithm.h">
      <Filter>include\Algorithms</Filter>
    </ClInclude>
    <ClInclude Include="..\..\MVVCVTK\features\OrthogonalCrop\include\OrthogonalCropTypes.h">
      <Filter>include</Filter>
    </ClInclude>
    <ClInclude Include="..\..\MVVCVTK\features\OrthogonalCrop\include\Routing\OrthogonalCropBackendRouterService.h">
      <Filter>include\Routing</Filter>
    </ClInclude>
  </ItemGroup>
  <ItemGroup>
    <ClCompile Include="..\..\MVVCVTK\features\OrthogonalCrop\src\Algorithms\OrthogonalCropAlgorithm.cpp">
      <Filter>src\Algorithms</Filter>
    </ClCompile>
    <ClCompile Include="..\..\MVVCVTK\features\OrthogonalCrop\src\Algorithms\PlanarCropAlgorithm.cpp">
      <Filter>src\Algorithms</Filter>
    </ClCompile>
    <ClCompile Include="..\..\MVVCVTK\features\OrthogonalCrop\src\Routing\OrthogonalCropBackendRouterService.cpp">
      <Filter>src\Routing</Filter>
    </ClCompile>
    <ClCompile Include="PlanarCropAlgorithmSubmitTests.cpp">
      <Filter>tests</Filter>
    </ClCompile>
  </ItemGroup>
</Project>
