<?xml version="1.0" encoding="utf-8"?>
<Project ToolsVersion="4.0" xmlns="http://schemas.microsoft.com/developer/msbuild/2003">
  <ItemGroup>
    <Filter Include="include">
      <UniqueIdentifier>{a2e389cf-7ad6-481c-929d-d880ac083801}</UniqueIdentifier>
      <Extensions>h;hh;hpp;hxx;h++;hm;inl;inc;ipp;xsd</Extensions>
    </Filter>
    <Filter Include="include\Algorithms">
      <UniqueIdentifier>{8612763f-2d90-4dab-9119-a4ed23681512}</UniqueIdentifier>
    </Filter>
    <Filter Include="include\Interaction">
      <UniqueIdentifier>{3ec97648-502f-4b55-8247-8678828b9a8e}</UniqueIdentifier>
    </Filter>
    <Filter Include="include\Preview">
      <UniqueIdentifier>{879dc7a0-d29c-41aa-abf9-035b00ec0a2f}</UniqueIdentifier>
    </Filter>
    <Filter Include="include\Render">
      <UniqueIdentifier>{a1baaa1f-e2ae-4050-9e8d-8bf81c42cd95}</UniqueIdentifier>
    </Filter>
    <Filter Include="include\Routing">
      <UniqueIdentifier>{0a0648f2-1d60-4d30-bc57-356fb143bf08}</UniqueIdentifier>
    </Filter>
    <Filter Include="include\App">
      <UniqueIdentifier>{ba9d41ca-704c-4895-a755-302970f8ba95}</UniqueIdentifier>
    </Filter>
    <Filter Include="include\Data">
      <UniqueIdentifier>{e302920a-1ad6-475b-a5f2-37bfc8e7ef1b}</UniqueIdentifier>
    </Filter>
    <Filter Include="include\Geometry">
      <UniqueIdentifier>{3a6c3f68-6413-4799-8b9e-9b7ba81626d1}</UniqueIdentifier>
    </Filter>
    <Filter Include="include\Platform">
      <UniqueIdentifier>{3fbc3080-20e2-4e98-af91-08f470b9f27a}</UniqueIdentifier>
    </Filter>
    <Filter Include="src">
      <UniqueIdentifier>{2c0900b4-25f5-4c97-a582-2a42076b887a}</UniqueIdentifier>
      <Extensions>cpp;c;cc;cxx;c++;cppm;ixx;def;odl;idl;hpj;bat;asm;asmx</Extensions>
    </Filter>
    <Filter Include="src\Algorithms">
      <UniqueIdentifier>{a023adcb-f04e-4ff1-8b6f-908ad25b0659}</UniqueIdentifier>
    </Filter>
    <Filter Include="src\Interaction">
      <UniqueIdentifier>{ad97b68f-53c0-42c4-956a-c078816f0d7e}</UniqueIdentifier>
    </Filter>
    <Filter Include="src\Preview">
      <UniqueIdentifier>{67245b7e-0ae4-4652-a170-2e7e53e28c91}</UniqueIdentifier>
    </Filter>
    <Filter Include="src\Render">
      <UniqueIdentifier>{1f6a5089-7650-441c-9995-d10a2d394e6c}</UniqueIdentifier>
    </Filter>
    <Filter Include="src\Routing">
      <UniqueIdentifier>{0bcc8f30-cb17-4b68-a596-308d9b91755a}</UniqueIdentifier>
    </Filter>
    <Filter Include="src\Data">
      <UniqueIdentifier>{67ec98bc-10a5-4913-b743-c05ed23d7df0}</UniqueIdentifier>
    </Filter>
    <Filter Include="src\Platform">
      <UniqueIdentifier>{41f13a79-54c7-4fc9-a1c8-57b3139af1d8}</UniqueIdentifier>
    </Filter>
    <Filter Include="tests">
      <UniqueIdentifier>{3a723f5f-0e9c-4d9b-8c44-0d93bd02ae39}</UniqueIdentifier>
    </Filter>
  </ItemGroup>
  <ItemGroup>
    <ClInclude Include="..\..\MVVCVTK\features\OrthogonalCrop\include\Algorithms\OrthogonalCropAlgorithm.h">
      <Filter>include\Algorithms</Filter>
    </ClInclude>
    <ClInclude Include="..\..\MVVCVTK\features\OrthogonalCrop\include\Algorithms\PlanarCropAlgorithm.h">
      <Filter>include\Algorithms</Filter>
    </ClInclude>
    <ClInclude Include="..\..\MVVCVTK\features\OrthogonalCrop\include\Interaction\CropCameraState.h">
      <Filter>include\Interaction</Filter>
    </ClInclude>
    <ClInclude Include="..\..\MVVCVTK\features\OrthogonalCrop\include\OrthogonalCropTypes.h">
      <Filter>include</Filter>
    </ClInclude>
    <ClInclude Include="..\..\MVVCVTK\features\OrthogonalCrop\include\Preview\CropPreviewPlug.h">
      <Filter>include\Preview</Filter>
    </ClInclude>
    <ClInclude Include="..\..\MVVCVTK\features\OrthogonalCrop\include\Render\Strategies\CropOverlay.h">
      <Filter>include\Render</Filter>
    </ClInclude>
    <ClInclude Include="..\..\MVVCVTK\features\OrthogonalCrop\include\Routing\CropRouter.h">
      <Filter>include\Routing</Filter>
    </ClInclude>
    <ClInclude Include="..\..\MVVCVTK\include\App\AppInterfaces.h">
      <Filter>include\App</Filter>
    </ClInclude>
    <ClInclude Include="..\..\MVVCVTK\include\App\Tasks\AppDataExportTaskService.h">
      <Filter>include\App</Filter>
    </ClInclude>
    <ClInclude Include="..\..\MVVCVTK\include\App\Tasks\AppTaskCallbackState.h">
      <Filter>include\App</Filter>
    </ClInclude>
    <ClInclude Include="..\..\MVVCVTK\include\App\AppTypes.h">
      <Filter>include\App</Filter>
    </ClInclude>
    <ClInclude Include="..\..\MVVCVTK\include\Data\DataManager.h">
      <Filter>include\Data</Filter>
    </ClInclude>
    <ClInclude Include="..\..\MVVCVTK\include\Geometry\InteractionComputeService.h">
      <Filter>include\Geometry</Filter>
    </ClInclude>
    <ClInclude Include="..\..\MVVCVTK\include\Platform\MemMappedFile.h">
      <Filter>include\Platform</Filter>
    </ClInclude>
    <ClInclude Include="..\..\MVVCVTK\include\Render\Strategies\BaseVisualStrategy.h">
      <Filter>include\Render</Filter>
    </ClInclude>
  </ItemGroup>
  <ItemGroup>
    <ClCompile Include="..\..\MVVCVTK\features\OrthogonalCrop\src\Algorithms\OrthogonalCropAlgorithm.cpp">
      <Filter>src\Algorithms</Filter>
    </ClCompile>
    <ClCompile Include="..\..\MVVCVTK\features\OrthogonalCrop\src\Algorithms\PlanarCropAlgorithm.cpp">
      <Filter>src\Algorithms</Filter>
    </ClCompile>
    <ClCompile Include="..\..\MVVCVTK\features\OrthogonalCrop\src\Interaction\CropCameraState.cpp">
      <Filter>src\Interaction</Filter>
    </ClCompile>
    <ClCompile Include="..\..\MVVCVTK\features\OrthogonalCrop\src\Preview\CropPreviewPlug.cpp">
      <Filter>src\Preview</Filter>
    </ClCompile>
    <ClCompile Include="..\..\MVVCVTK\features\OrthogonalCrop\src\Render\Strategies\CropOverlay.cpp">
      <Filter>src\Render</Filter>
    </ClCompile>
    <ClCompile Include="..\..\MVVCVTK\features\OrthogonalCrop\src\Routing\CropRouter.cpp">
      <Filter>src\Routing</Filter>
    </ClCompile>
    <ClCompile Include="..\..\MVVCVTK\src\App\Tasks\AppDataExportTaskService.cpp">
      <Filter>src</Filter>
    </ClCompile>
    <ClCompile Include="..\..\MVVCVTK\src\Data\DataManager.cpp">
      <Filter>src\Data</Filter>
    </ClCompile>
    <ClCompile Include="..\..\MVVCVTK\src\Platform\MemMappedFile.cpp">
      <Filter>src\Platform</Filter>
    </ClCompile>
    <ClCompile Include="AppTaskServiceTests.cpp">
      <Filter>tests</Filter>
    </ClCompile>
    <ClCompile Include="CropPreviewPlugTests.cpp">
      <Filter>tests</Filter>
    </ClCompile>
    <ClCompile Include="PlanarCropTests.cpp">
      <Filter>tests</Filter>
    </ClCompile>
  </ItemGroup>
</Project>
