<?xml version="1.0" encoding="utf-8"?>
<Project ToolsVersion="4.0" xmlns="http://schemas.microsoft.com/developer/msbuild/2003">
  <ItemGroup>
    <Filter Include="资源文件">
      <UniqueIdentifier>{67DA6AB6-F800-4c08-8B7A-83BB121AAD01}</UniqueIdentifier>
      <Extensions>rc;ico;cur;bmp;dlg;rc2;rct;bin;rgs;gif;jpg;jpeg;jpe;resx;tiff;tif;png;wav;mfcribbon-ms</Extensions>
    </Filter>
    <Filter Include="include">
      <UniqueIdentifier>{93995380-89BD-4b04-88EB-625FBE52EBFB}</UniqueIdentifier>
      <Extensions>h;hh;hpp;hxx;h++;hm;inl;inc;ipp;xsd</Extensions>
    </Filter>
    <Filter Include="include\Strategies">
      <UniqueIdentifier>{96c734c1-8206-4b3a-ae0b-82bda760adb3}</UniqueIdentifier>
    </Filter>
    <Filter Include="include\Strategies\GapMeshOverlayStrategy">
      <UniqueIdentifier>{2f95694d-2ddf-4b0e-a587-3ec67b7afbb8}</UniqueIdentifier>
    </Filter>
    <Filter Include="include\Strategies\MeasureAlgoStrategy">
      <UniqueIdentifier>{c9baf437-6d6d-437a-91a9-db84555b986a}</UniqueIdentifier>
    </Filter>
    <Filter Include="include\Utils">
      <UniqueIdentifier>{c1efaecb-d9ec-4bb6-8e12-d3a12e167979}</UniqueIdentifier>
    </Filter>
    <Filter Include="include\Math">
      <UniqueIdentifier>{daf8e20e-8217-4b2c-87ab-8ad66f8d5a02}</UniqueIdentifier>
    </Filter>
    <Filter Include="include\Math\GapAnalysis">
      <UniqueIdentifier>{01f8d78d-24f9-42a0-865c-72acbc655e7d}</UniqueIdentifier>
    </Filter>
    <Filter Include="include\Math\MeasurementAlgo">
      <UniqueIdentifier>{7F7A5F18-2A0B-4E49-A6C2-9C0D6092A001}</UniqueIdentifier>
    </Filter>
    <Filter Include="include\Interaction">
      <UniqueIdentifier>{359efad5-ad54-4936-be38-241b4bc599c2}</UniqueIdentifier>
    </Filter>
    <Filter Include="include\Render">
      <UniqueIdentifier>{f0303deb-b2f1-437d-b276-6b51b7f6ac6b}</UniqueIdentifier>
    </Filter>
    <Filter Include="include\Service">
      <UniqueIdentifier>{bc41cad7-f141-4d16-a4a6-700e21a5e52c}</UniqueIdentifier>
    </Filter>
    <Filter Include="include\Service\GapMeshOverlayService">
      <UniqueIdentifier>{cacb958d-e7fc-4d17-90dd-ade720c21bfd}</UniqueIdentifier>
    </Filter>
    <Filter Include="include\Service\MeasureAlgoService">
      <UniqueIdentifier>{71ea4766-7611-4e38-bfd4-aae8ba33f07f}</UniqueIdentifier>
    </Filter>
    <Filter Include="include\Data">
      <UniqueIdentifier>{35a3626f-de60-4e60-9e25-b32aff42bdf4}</UniqueIdentifier>
    </Filter>
    <Filter Include="src">
      <UniqueIdentifier>{4FC737F1-C7A5-4376-A066-2A32D752A2FF}</UniqueIdentifier>
      <Extensions>cpp;c;cc;cxx;c++;cppm;ixx;def;odl;idl;hpj;bat;asm;asmx</Extensions>
    </Filter>
    <Filter Include="src\main">
      <UniqueIdentifier>{b4a2b4ac-7c20-4fd8-a3fa-d6df8e5d82a8}</UniqueIdentifier>
    </Filter>
    <Filter Include="src\Strategies">
      <UniqueIdentifier>{e5f12f65-f87b-40bb-9ff9-db0fb71f1386}</UniqueIdentifier>
    </Filter>
    <Filter Include="src\Utils">
      <UniqueIdentifier>{a5f21c88-3127-4ee9-9c77-05fe2058cc3f}</UniqueIdentifier>
    </Filter>
    <Filter Include="src\Interaction">
      <UniqueIdentifier>{b373314f-cec2-47e7-a3d9-cf2379287f0e}</UniqueIdentifier>
    </Filter>
    <Filter Include="src\Render">
      <UniqueIdentifier>{cec7be8b-9c99-4ae3-83f3-d789f49f5ff8}</UniqueIdentifier>
    </Filter>
    <Filter Include="src\Service">
      <UniqueIdentifier>{72cc6730-bf96-461a-96db-f212a30d135f}</UniqueIdentifier>
    </Filter>
    <Filter Include="src\Data">
      <UniqueIdentifier>{49da0bd7-4f2b-414d-8104-2a1bb54ed2f0}</UniqueIdentifier>
    </Filter>
    <Filter Include="include\Type">
      <UniqueIdentifier>{a55b8286-7d35-4d9d-9e64-7b4385c222e1}</UniqueIdentifier>
    </Filter>
  </ItemGroup>
  <ItemGroup>
    <ClInclude Include="include\Strategies\IsoSurfaceStrategy.h">
      <Filter>include\Strategies</Filter>
    </ClInclude>
    <ClInclude Include="include\Strategies\VolumeStrategy.h">
      <Filter>include\Strategies</Filter>
    </ClInclude>
    <ClInclude Include="include\Strategies\SliceStrategy.h">
      <Filter>include\Strategies</Filter>
    </ClInclude>
    <ClInclude Include="include\Strategies\CompositeStrategy.h">
      <Filter>include\Strategies</Filter>
    </ClInclude>
    <ClInclude Include="include\Strategies\MultiSliceStrategy.h">
      <Filter>include\Strategies</Filter>
    </ClInclude>
    <ClInclude Include="include\Strategies\ColoredPlanesStrategy.h">
      <Filter>include\Strategies</Filter>
    </ClInclude>
    <ClInclude Include="include\Utils\ImageProcessor.h">
      <Filter>include\Utils</Filter>
    </ClInclude>
    <ClInclude Include="include\Utils\MemMappedFile.h">
      <Filter>include\Utils</Filter>
    </ClInclude>
    <ClInclude Include="include\Math\GapAnalysis\GapAnalysisTypes.h">
      <Filter>include\Math\GapAnalysis</Filter>
    </ClInclude>
    <ClInclude Include="include\Math\GapAnalysis\VolumeBuffer.h">
      <Filter>include\Math\GapAnalysis</Filter>
    </ClInclude>
    <ClInclude Include="include\Math\GapAnalysis\SurfaceRefiner.h">
      <Filter>include\Math\GapAnalysis</Filter>
    </ClInclude>
    <ClInclude Include="include\Math\GapAnalysis\VoidDetector.h">
      <Filter>include\Math\GapAnalysis</Filter>
    </ClInclude>
    <ClInclude Include="include\Interaction\Viewer3DHandler.h">
      <Filter>include\Interaction</Filter>
    </ClInclude>
    <ClInclude Include="include\Interaction\Viewer2DHandler.h">
      <Filter>include\Interaction</Filter>
    </ClInclude>
    <ClInclude Include="include\Interaction\TimeUpdateHandler.h">
      <Filter>include\Interaction</Filter>
    </ClInclude>
    <ClInclude Include="include\Interaction\InteractionRouter.h">
      <Filter>include\Interaction</Filter>
    </ClInclude>
    <ClInclude Include="include\Interaction\InteractionResult.h">
      <Filter>include\Interaction</Filter>
    </ClInclude>
    <ClInclude Include="include\Interaction\InteractionEvent.h">
      <Filter>include\Interaction</Filter>
    </ClInclude>
    <ClInclude Include="include\Interaction\IInteractionHandler.h">
      <Filter>include\Interaction</Filter>
    </ClInclude>
    <ClInclude Include="include\Render\StrategyFactory.h">
      <Filter>include\Render</Filter>
    </ClInclude>
    <ClInclude Include="include\Render\StdRenderContext.h">
      <Filter>include\Render</Filter>
    </ClInclude>
    <ClInclude Include="include\Service\VolumeAnalysisService.h">
      <Filter>include\Service</Filter>
    </ClInclude>
    <ClInclude Include="include\Service\AppService.h">
      <Filter>include\Service</Filter>
    </ClInclude>
    <ClInclude Include="include\Data\DataManager.h">
      <Filter>include\Data</Filter>
    </ClInclude>
    <ClInclude Include="include\Data\DataConverters.h">
      <Filter>include\Data</Filter>
    </ClInclude>
    <ClInclude Include="include\App\AppTypes.h">
      <Filter>include\Type</Filter>
    </ClInclude>
    <ClInclude Include="include\App\AppState.h">
      <Filter>include\Type</Filter>
    </ClInclude>
    <ClInclude Include="include\App\AppInterfaces.h">
      <Filter>include\Type</Filter>
    </ClInclude>
    <ClInclude Include="include\Strategies\BaseVisualStrategy.h">
      <Filter>include\Strategies</Filter>
    </ClInclude>
    <ClInclude Include="include\Strategies\GapMeshOverlayStrategy\GapAlgorithmOverlayStrategies.h">
      <Filter>include\Strategies\GapMeshOverlayStrategy</Filter>
    </ClInclude>
    <ClInclude Include="include\Service\GapMeshOverlayService\GapAnalysisService.h">
      <Filter>include\Service\GapMeshOverlayService</Filter>
    </ClInclude>
    <ClInclude Include="include\Utils\InteractionComputeService.h">
      <Filter>include\Utils</Filter>
    </ClInclude>
  </ItemGroup>
  <ItemGroup>
    <ClCompile Include="src\main\main.cpp">
      <Filter>src\main</Filter>
    </ClCompile>
    <ClCompile Include="src\Strategies\CompositeStrategy.cpp">
      <Filter>src\Strategies</Filter>
    </ClCompile>
    <ClCompile Include="src\Strategies\SliceStrategy.cpp">
      <Filter>src\Strategies</Filter>
    </ClCompile>
    <ClCompile Include="src\Strategies\VolumeStrategy.cpp">
      <Filter>src\Strategies</Filter>
    </ClCompile>
    <ClCompile Include="src\Strategies\IsoSurfaceStrategy.cpp">
      <Filter>src\Strategies</Filter>
    </ClCompile>
    <ClCompile Include="src\Strategies\MultiSliceStrategy.cpp">
      <Filter>src\Strategies</Filter>
    </ClCompile>
    <ClCompile Include="src\Strategies\ColoredPlanesStrategy.cpp">
      <Filter>src\Strategies</Filter>
    </ClCompile>
    <ClCompile Include="src\Utils\ImageProcessor.cpp">
      <Filter>src\Utils</Filter>
    </ClCompile>
    <ClCompile Include="src\Utils\MemMappedFile.cpp">
      <Filter>src\Utils</Filter>
    </ClCompile>
    <ClCompile Include="src\main\example.cpp">
      <Filter>src\main</Filter>
    </ClCompile>
    <ClCompile Include="src\Interaction\Viewer3DHandler.cpp">
      <Filter>src\Interaction</Filter>
    </ClCompile>
    <ClCompile Include="src\Interaction\Viewer2DHandler.cpp">
      <Filter>src\Interaction</Filter>
    </ClCompile>
    <ClCompile Include="src\Interaction\TimeUpdateHandler.cpp">
      <Filter>src\Interaction</Filter>
    </ClCompile>
    <ClCompile Include="src\Interaction\InteractionRouter.cpp">
      <Filter>src\Interaction</Filter>
    </ClCompile>
    <ClCompile Include="src\Render\StdRenderContext.cpp">
      <Filter>src\Render</Filter>
    </ClCompile>
    <ClCompile Include="src\Service\AppService.cpp">
      <Filter>src\Service</Filter>
    </ClCompile>
    <ClCompile Include="src\Data\DataManager.cpp">
      <Filter>src\Data</Filter>
    </ClCompile>
    <ClCompile Include="src\Data\DataConverters.cpp">
      <Filter>src\Data</Filter>
    </ClCompile>
  </ItemGroup>
</Project>