<?xml version="1.0" encoding="utf-8"?>
<Project ToolsVersion="4.0" xmlns="http://schemas.microsoft.com/developer/msbuild/2003">
  <ItemGroup>
    <Filter Include="资源文件">
      <UniqueIdentifier>{67DA6AB6-F800-4c08-8B7A-83BB121AAD01}</UniqueIdentifier>
      <Extensions>rc;ico;cur;bmp;dlg;rc2;rct;bin;rgs;gif;jpg;jpeg;jpe;resx;tiff;tif;png;wav;mfcribbon-ms</Extensions>
    </Filter>
    <Filter Include="include">
      <UniqueIdentifier>{93995380-89BD-4b04-88EB-625FBE52EBFB}</UniqueIdentifier>
      <Extensions>h;hh;hpp;hxx;h++;hm;inl;inc;ipp;xsd</Extensions>
    </Filter>
    <Filter Include="include\Strategies">
      <UniqueIdentifier>{96c734c1-8206-4b3a-ae0b-82bda760adb3}</UniqueIdentifier>
    </Filter>
    <Filter Include="tools">
      <UniqueIdentifier>{8a63dd27-4f90-49bc-97df-bf8adfeea6a1}</UniqueIdentifier>
    </Filter>
    <Filter Include="tools\GapAnalysis">
      <UniqueIdentifier>{f4f27366-9d41-4a29-a905-cf54da6d39d2}</UniqueIdentifier>
    </Filter>
    <Filter Include="tools\GapAnalysis\include">
      <UniqueIdentifier>{a6177ce6-2c77-47bb-8ac3-4eb5d08350d7}</UniqueIdentifier>
    </Filter>
    <Filter Include="tools\GapAnalysis\include\Service">
      <UniqueIdentifier>{c7976d87-6825-471b-b609-d54d8e435a4d}</UniqueIdentifier>
    </Filter>
    <Filter Include="tools\GapAnalysis\include\Strategies">
      <UniqueIdentifier>{d9dceca6-a587-4696-98a2-b7a748226dfb}</UniqueIdentifier>
    </Filter>
    <Filter Include="tools\OrthogonalCrop">
      <UniqueIdentifier>{d7bc8d21-38c0-4f6e-a9c8-cb7cfcc53e26}</UniqueIdentifier>
    </Filter>
    <Filter Include="tools\OrthogonalCrop\include">
      <UniqueIdentifier>{a361b8d8-6e5c-473e-ab39-4272f587d4a2}</UniqueIdentifier>
    </Filter>
    <Filter Include="tools\OrthogonalCrop\include\Service">
      <UniqueIdentifier>{bf8806d9-f6f6-4fa3-81b7-2108d90aa977}</UniqueIdentifier>
    </Filter>
    <Filter Include="tools\OrthogonalCrop\include\Strategies">
      <UniqueIdentifier>{d8ab8fe1-6a5b-4918-995d-61560cb3186c}</UniqueIdentifier>
    </Filter>
    <Filter Include="include\Utils">
      <UniqueIdentifier>{c1efaecb-d9ec-4bb6-8e12-d3a12e167979}</UniqueIdentifier>
    </Filter>
    <Filter Include="include\Interaction">
      <UniqueIdentifier>{359efad5-ad54-4936-be38-241b4bc599c2}</UniqueIdentifier>
    </Filter>
    <Filter Include="include\Render">
      <UniqueIdentifier>{f0303deb-b2f1-437d-b276-6b51b7f6ac6b}</UniqueIdentifier>
    </Filter>
    <Filter Include="include\Service">
      <UniqueIdentifier>{bc41cad7-f141-4d16-a4a6-700e21a5e52c}</UniqueIdentifier>
    </Filter>
    <Filter Include="include\Data">
      <UniqueIdentifier>{35a3626f-de60-4e60-9e25-b32aff42bdf4}</UniqueIdentifier>
    </Filter>
    <Filter Include="src">
      <UniqueIdentifier>{4FC737F1-C7A5-4376-A066-2A32D752A2FF}</UniqueIdentifier>
      <Extensions>cpp;c;cc;cxx;c++;cppm;ixx;def;odl;idl;hpj;bat;asm;asmx</Extensions>
    </Filter>
    <Filter Include="src\main">
      <UniqueIdentifier>{b4a2b4ac-7c20-4fd8-a3fa-d6df8e5d82a8}</UniqueIdentifier>
    </Filter>
    <Filter Include="src\Strategies">
      <UniqueIdentifier>{e5f12f65-f87b-40bb-9ff9-db0fb71f1386}</UniqueIdentifier>
    </Filter>
    <Filter Include="src\Utils">
      <UniqueIdentifier>{a5f21c88-3127-4ee9-9c77-05fe2058cc3f}</UniqueIdentifier>
    </Filter>
    <Filter Include="src\Interaction">
      <UniqueIdentifier>{b373314f-cec2-47e7-a3d9-cf2379287f0e}</UniqueIdentifier>
    </Filter>
    <Filter Include="src\Render">
      <UniqueIdentifier>{cec7be8b-9c99-4ae3-83f3-d789f49f5ff8}</UniqueIdentifier>
    </Filter>
    <Filter Include="src\Service">
      <UniqueIdentifier>{72cc6730-bf96-461a-96db-f212a30d135f}</UniqueIdentifier>
    </Filter>
    <Filter Include="tools\OrthogonalCrop\src">
      <UniqueIdentifier>{3f6f4b4c-e572-49c0-afb0-92ce3e5f5f5d}</UniqueIdentifier>
    </Filter>
    <Filter Include="tools\OrthogonalCrop\src\Service">
      <UniqueIdentifier>{78584a27-f147-408c-920d-548e50794407}</UniqueIdentifier>
    </Filter>
    <Filter Include="tools\OrthogonalCrop\src\Strategies">
      <UniqueIdentifier>{22dc60c7-d8d7-47d6-91f4-40315e4967c4}</UniqueIdentifier>
    </Filter>
    <Filter Include="src\Data">
      <UniqueIdentifier>{49da0bd7-4f2b-414d-8104-2a1bb54ed2f0}</UniqueIdentifier>
    </Filter>
    <Filter Include="include\App">
      <UniqueIdentifier>{a55b8286-7d35-4d9d-9e64-7b4385c222e1}</UniqueIdentifier>
    </Filter>
  </ItemGroup>
  <ItemGroup>
    <ClInclude Include="include\Strategies\IsoSurfaceStrategy.h">
      <Filter>include\Strategies</Filter>
    </ClInclude>
    <ClInclude Include="include\Strategies\VolumeStrategy.h">
      <Filter>include\Strategies</Filter>
    </ClInclude>
    <ClInclude Include="include\Strategies\SliceStrategy.h">
      <Filter>include\Strategies</Filter>
    </ClInclude>
    <ClInclude Include="include\Strategies\CompositeStrategy.h">
      <Filter>include\Strategies</Filter>
    </ClInclude>
    <ClInclude Include="include\Strategies\MultiSliceStrategy.h">
      <Filter>include\Strategies</Filter>
    </ClInclude>
    <ClInclude Include="tools\OrthogonalCrop\include\Strategies\OrthogonalCropPreviewOverlayStrategy.h">
      <Filter>tools\OrthogonalCrop\include\Strategies</Filter>
    </ClInclude>
    <ClInclude Include="include\Strategies\ColoredPlanesStrategy.h">
      <Filter>include\Strategies</Filter>
    </ClInclude>
    <ClInclude Include="include\Utils\ImageProcessor.h">
      <Filter>include\Utils</Filter>
    </ClInclude>
    <ClInclude Include="include\Utils\MemMappedFile.h">
      <Filter>include\Utils</Filter>
    </ClInclude>
    <ClInclude Include="tools\GapAnalysis\include\GapAnalysisTypes.h">
      <Filter>tools\GapAnalysis\include</Filter>
    </ClInclude>
    <ClInclude Include="tools\GapAnalysis\include\VolumeBuffer.h">
      <Filter>tools\GapAnalysis\include</Filter>
    </ClInclude>
    <ClInclude Include="tools\GapAnalysis\include\SurfaceRefiner.h">
      <Filter>tools\GapAnalysis\include</Filter>
    </ClInclude>
    <ClInclude Include="tools\OrthogonalCrop\include\OrthogonalCropAlgorithm.h">
      <Filter>tools\OrthogonalCrop\include</Filter>
    </ClInclude>
    <ClInclude Include="tools\OrthogonalCrop\include\PlanarCropAlgorithm.h">
      <Filter>tools\OrthogonalCrop\include</Filter>
    </ClInclude>
    <ClInclude Include="tools\OrthogonalCrop\include\OrthogonalCropTypes.h">
      <Filter>tools\OrthogonalCrop\include</Filter>
    </ClInclude>
    <ClInclude Include="tools\GapAnalysis\include\VoidDetector.h">
      <Filter>tools\GapAnalysis\include</Filter>
    </ClInclude>
    <ClInclude Include="include\Interaction\Viewer3DHandler.h">
      <Filter>include\Interaction</Filter>
    </ClInclude>
    <ClInclude Include="include\Interaction\Viewer2DHandler.h">
      <Filter>include\Interaction</Filter>
    </ClInclude>
    <ClInclude Include="include\Interaction\TimeUpdateHandler.h">
      <Filter>include\Interaction</Filter>
    </ClInclude>
    <ClInclude Include="include\Interaction\InteractionRouter.h">
      <Filter>include\Interaction</Filter>
    </ClInclude>
    <ClInclude Include="include\Interaction\InteractionResult.h">
      <Filter>include\Interaction</Filter>
    </ClInclude>
    <ClInclude Include="include\Interaction\InteractionEvent.h">
      <Filter>include\Interaction</Filter>
    </ClInclude>
    <ClInclude Include="include\Interaction\IInteractionHandler.h">
      <Filter>include\Interaction</Filter>
    </ClInclude>
    <ClInclude Include="include\Render\StrategyFactory.h">
      <Filter>include\Render</Filter>
    </ClInclude>
    <ClInclude Include="include\Render\StdRenderContext.h">
      <Filter>include\Render</Filter>
    </ClInclude>
    <ClInclude Include="include\Service\VolumeAnalysisService.h">
      <Filter>include\Service</Filter>
    </ClInclude>
    <ClInclude Include="include\Service\AppService.h">
      <Filter>include\Service</Filter>
    </ClInclude>
    <ClInclude Include="include\Service\AppDataExportTaskService.h">
      <Filter>include\Service</Filter>
    </ClInclude>
    <ClInclude Include="include\Service\AppDataLoadTaskService.h">
      <Filter>include\Service</Filter>
    </ClInclude>
    <ClInclude Include="include\Service\AppTaskCallbackState.h">
      <Filter>include\Service</Filter>
    </ClInclude>
    <ClInclude Include="include\Data\DataManager.h">
      <Filter>include\Data</Filter>
    </ClInclude>
    <ClInclude Include="include\Data\DataConverters.h">
      <Filter>include\Data</Filter>
    </ClInclude>
    <ClInclude Include="include\App\AppTypes.h">
      <Filter>include\App</Filter>
    </ClInclude>
    <ClInclude Include="include\App\AppState.h">
      <Filter>include\App</Filter>
    </ClInclude>
    <ClInclude Include="include\App\AppInterfaces.h">
      <Filter>include\App</Filter>
    </ClInclude>
    <ClInclude Include="include\Strategies\BaseVisualStrategy.h">
      <Filter>include\Strategies</Filter>
    </ClInclude>
    <ClInclude Include="tools\GapAnalysis\include\Strategies\GapAlgorithmOverlayStrategies.h">
      <Filter>tools\GapAnalysis\include\Strategies</Filter>
    </ClInclude>
    <ClInclude Include="tools\GapAnalysis\include\Service\GapAnalysisService.h">
      <Filter>tools\GapAnalysis\include\Service</Filter>
    </ClInclude>
    <ClInclude Include="tools\OrthogonalCrop\include\Service\OrthogonalCropWidgetStateController.h">
      <Filter>tools\OrthogonalCrop\include\Service</Filter>
    </ClInclude>
    <ClInclude Include="tools\OrthogonalCrop\include\Service\OrthogonalCropCameraStateController.h">
      <Filter>tools\OrthogonalCrop\include\Service</Filter>
    </ClInclude>
    <ClInclude Include="tools\OrthogonalCrop\include\Service\OrthogonalCropBackendRouterService.h">
      <Filter>tools\OrthogonalCrop\include\Service</Filter>
    </ClInclude>
    <ClInclude Include="tools\OrthogonalCrop\include\Service\OrthogonalCropInteractionBridgeService.h">
      <Filter>tools\OrthogonalCrop\include\Service</Filter>
    </ClInclude>
    <ClInclude Include="tools\OrthogonalCrop\include\Service\PlanarCropWidgetStateController.h">
      <Filter>tools\OrthogonalCrop\include\Service</Filter>
    </ClInclude>
    <ClInclude Include="tools\OrthogonalCrop\include\Service\OrthogonalCropPreviewPlugService.h">
      <Filter>tools\OrthogonalCrop\include\Service</Filter>
    </ClInclude>
    <ClInclude Include="include\Utils\InteractionComputeService.h">
      <Filter>include\Utils</Filter>
    </ClInclude>
    <ClInclude Include="include\App\AppStateEvents.h">
      <Filter>include\App</Filter>
    </ClInclude>
    <ClInclude Include="include\Service\AppStateSyncStrategy.h">
      <Filter>include\Service</Filter>
    </ClInclude>
    <ClInclude Include="include\App\AppStateCommands.h">
      <Filter>include\App</Filter>
    </ClInclude>
  </ItemGroup>
  <ItemGroup>
    <ClCompile Include="src\main\main.cpp">
      <Filter>src\main</Filter>
    </ClCompile>
    <ClCompile Include="src\Strategies\CompositeStrategy.cpp">
      <Filter>src\Strategies</Filter>
    </ClCompile>
    <ClCompile Include="src\Strategies\SliceStrategy.cpp">
      <Filter>src\Strategies</Filter>
    </ClCompile>
    <ClCompile Include="src\Strategies\VolumeStrategy.cpp">
      <Filter>src\Strategies</Filter>
    </ClCompile>
    <ClCompile Include="src\Strategies\IsoSurfaceStrategy.cpp">
      <Filter>src\Strategies</Filter>
    </ClCompile>
    <ClCompile Include="src\Strategies\MultiSliceStrategy.cpp">
      <Filter>src\Strategies</Filter>
    </ClCompile>
    <ClCompile Include="src\Strategies\ColoredPlanesStrategy.cpp">
      <Filter>src\Strategies</Filter>
    </ClCompile>
    <ClCompile Include="src\Utils\ImageProcessor.cpp">
      <Filter>src\Utils</Filter>
    </ClCompile>
    <ClCompile Include="src\Utils\MemMappedFile.cpp">
      <Filter>src\Utils</Filter>
    </ClCompile>
    <ClCompile Include="src\Interaction\Viewer3DHandler.cpp">
      <Filter>src\Interaction</Filter>
    </ClCompile>
    <ClCompile Include="src\Interaction\Viewer2DHandler.cpp">
      <Filter>src\Interaction</Filter>
    </ClCompile>
    <ClCompile Include="src\Interaction\TimeUpdateHandler.cpp">
      <Filter>src\Interaction</Filter>
    </ClCompile>
    <ClCompile Include="src\Interaction\InteractionRouter.cpp">
      <Filter>src\Interaction</Filter>
    </ClCompile>
    <ClCompile Include="src\Render\StdRenderContext.cpp">
      <Filter>src\Render</Filter>
    </ClCompile>
    <ClCompile Include="src\Service\AppService.cpp">
      <Filter>src\Service</Filter>
    </ClCompile>
    <ClCompile Include="src\Service\AppDataExportTaskService.cpp">
      <Filter>src\Service</Filter>
    </ClCompile>
    <ClCompile Include="src\Service\AppDataLoadTaskService.cpp">
      <Filter>src\Service</Filter>
    </ClCompile>
    <ClCompile Include="src\Data\DataManager.cpp">
      <Filter>src\Data</Filter>
    </ClCompile>
    <ClCompile Include="src\Data\DataConverters.cpp">
      <Filter>src\Data</Filter>
    </ClCompile>
    <ClCompile Include="tools\OrthogonalCrop\src\OrthogonalCropAlgorithm.cpp">
      <Filter>tools\OrthogonalCrop\src</Filter>
    </ClCompile>
    <ClCompile Include="tools\OrthogonalCrop\src\PlanarCropAlgorithm.cpp">
      <Filter>tools\OrthogonalCrop\src</Filter>
    </ClCompile>
    <ClCompile Include="tools\OrthogonalCrop\src\Service\OrthogonalCropBackendRouterService.cpp">
      <Filter>tools\OrthogonalCrop\src\Service</Filter>
    </ClCompile>
    <ClCompile Include="tools\OrthogonalCrop\src\Service\OrthogonalCropCameraStateController.cpp">
      <Filter>tools\OrthogonalCrop\src\Service</Filter>
    </ClCompile>
    <ClCompile Include="tools\OrthogonalCrop\src\Service\OrthogonalCropInteractionBridgeService.cpp">
      <Filter>tools\OrthogonalCrop\src\Service</Filter>
    </ClCompile>
    <ClCompile Include="tools\OrthogonalCrop\src\Service\PlanarCropWidgetStateController.cpp">
      <Filter>tools\OrthogonalCrop\src\Service</Filter>
    </ClCompile>
    <ClCompile Include="tools\OrthogonalCrop\src\Service\OrthogonalCropPreviewPlugService.cpp">
      <Filter>tools\OrthogonalCrop\src\Service</Filter>
    </ClCompile>
    <ClCompile Include="tools\OrthogonalCrop\src\Service\OrthogonalCropWidgetStateController.cpp">
      <Filter>tools\OrthogonalCrop\src\Service</Filter>
    </ClCompile>
    <ClCompile Include="tools\OrthogonalCrop\src\Strategies\OrthogonalCropPreviewOverlayStrategy.cpp">
      <Filter>tools\OrthogonalCrop\src\Strategies</Filter>
    </ClCompile>
  </ItemGroup>
</Project>
