<?xml version="1.0" encoding="utf-8"?>
<Project ToolsVersion="4.0" xmlns="http://schemas.microsoft.com/developer/msbuild/2003">
  <ItemGroup>
    <Filter Include="include">
      <UniqueIdentifier>{b5d2cdb3-42fd-49a0-8cec-16d2f49b1222}</UniqueIdentifier>
      <Extensions>h;hh;hpp;hxx;h++;hm;inl;inc;ipp;xsd</Extensions>
    </Filter>
    <Filter Include="include\Algorithms">
      <UniqueIdentifier>{8497da7a-cd7b-4fd5-9f3b-bc8cc395aee1}</UniqueIdentifier>
    </Filter>
    <Filter Include="include\Services">
      <UniqueIdentifier>{56f67164-7db9-46ad-993b-24b82de1a267}</UniqueIdentifier>
    </Filter>
    <Filter Include="src">
      <UniqueIdentifier>{f7e595e5-d917-4e72-9cda-5bb34c884809}</UniqueIdentifier>
      <Extensions>cpp;c;cc;cxx;c++;cppm;ixx;def;odl;idl;hpj;bat;asm;asmx</Extensions>
    </Filter>
    <Filter Include="src\Services">
      <UniqueIdentifier>{839578b7-f7fe-4c5d-ac2f-ad2012b3939d}</UniqueIdentifier>
    </Filter>
    <Filter Include="tests">
      <UniqueIdentifier>{9fd6d4a0-6ca2-45d3-a3fc-b798c4f49f11}</UniqueIdentifier>
    </Filter>
  </ItemGroup>
  <ItemGroup>
    <ClInclude Include="..\..\MVVCVTK\features\GapAnalysis\include\Algorithms\VolumeBuffer.h">
      <Filter>include\Algorithms</Filter>
    </ClInclude>
    <ClInclude Include="..\..\MVVCVTK\features\GapAnalysis\include\Algorithms\VoidDetector.h">
      <Filter>include\Algorithms</Filter>
    </ClInclude>
    <ClInclude Include="..\..\MVVCVTK\features\GapAnalysis\include\GapAnalysisTypes.h">
      <Filter>include</Filter>
    </ClInclude>
    <ClInclude Include="..\..\MVVCVTK\features\GapAnalysis\include\Services\GapAnalysisService.h">
      <Filter>include\Services</Filter>
    </ClInclude>
  </ItemGroup>
  <ItemGroup>
    <ClCompile Include="..\..\MVVCVTK\features\GapAnalysis\src\Services\GapAnalysisService.cpp">
      <Filter>src\Services</Filter>
    </ClCompile>
    <ClCompile Include="GapAnalysisAlgorithmTests.cpp">
      <Filter>tests</Filter>
    </ClCompile>
  </ItemGroup>
</Project>
