<?xml version="1.0" encoding="utf-8"?>
<Project ToolsVersion="4.0" xmlns="http://schemas.microsoft.com/developer/msbuild/2003">
  <ItemGroup>
    <Filter Include="Tests">
      <UniqueIdentifier>{0A452D9D-80D4-4544-B172-60ABF911879E}</UniqueIdentifier>
    </Filter>
  </ItemGroup>
  <ItemGroup>
    <ClCompile Include="QtHostCropTests.cpp">
      <Filter>Tests</Filter>
    </ClCompile>
    <ClCompile Include="QtHostExportTests.cpp">
      <Filter>Tests</Filter>
    </ClCompile>
    <ClCompile Include="QtHostGapTests.cpp">
      <Filter>Tests</Filter>
    </ClCompile>
    <ClCompile Include="QtHostLifecycleTests.cpp">
      <Filter>Tests</Filter>
    </ClCompile>
    <ClCompile Include="QtHostLoadTests.cpp">
      <Filter>Tests</Filter>
    </ClCompile>
    <ClCompile Include="QtHostMethodTests.cpp">
      <Filter>Tests</Filter>
    </ClCompile>
    <ClCompile Include="QtHostViewTests.cpp">
      <Filter>Tests</Filter>
    </ClCompile>
  </ItemGroup>
  <ItemGroup>
    <ClInclude Include="QtHostMethodCases.h">
      <Filter>Tests</Filter>
    </ClInclude>
  </ItemGroup>
</Project>
